
Microsoft Visual Studio Solution File, Format Version 12.00
# Visual Studio Version 16
VisualStudioVersion = 16.0.31205.134
MinimumVisualStudioVersion = 10.0.40219.1
Project("{FAE04EC0-301F-11D3-BF4B-00C04F79EFBC}") = "CadastroDeClientes", "CadastroDeClientes.csproj", "{3565B8D9-DBC9-46F5-BD2E-5013740A0244}"
EndProject
Global
	GlobalSection(SolutionConfigurationPlatforms) = preSolution
		Debug|Any CPU = Debug|Any CPU
		Release|Any CPU = Release|Any CPU
	EndGlobalSection
	GlobalSection(ProjectConfigurationPlatforms) = postSolution
		{3565B8D9-DBC9-46F5-BD2E-5013740A0244}.Debug|Any CPU.ActiveCfg = Debug|Any CPU
		{3565B8D9-DBC9-46F5-BD2E-5013740A0244}.Debug|Any CPU.Build.0 = Debug|Any CPU
		{3565B8D9-DBC9-46F5-BD2E-5013740A0244}.Release|Any CPU.ActiveCfg = Release|Any CPU
		{3565B8D9-DBC9-46F5-BD2E-5013740A0244}.Release|Any CPU.Build.0 = Release|Any CPU
	EndGlobalSection
	GlobalSection(SolutionProperties) = preSolution
		HideSolutionNode = FALSE
	EndGlobalSection
	GlobalSection(ExtensibilityGlobals) = postSolution
		SolutionGuid = {F7FD91F3-A0EB-40E7-8FD4-DB8CED0D908E}
	EndGlobalSection
EndGlobal
